{
  "requires": true,
  "lockfileVersion": 1,
  "dependencies": {
    "@babel/helper-validator-identifier": {
      "version": "7.12.11",
      "resolved": "https://registry.npmjs.org/@babel/helper-validator-identifier/-/helper-validator-identifier-7.12.11.tgz",
      "integrity": "sha512-np/lG3uARFybkoHokJUmf1QfEvRVCPbmQeUQpKow5cQ3xWrV9i3rUHodKDJPQfTVX61qKi+UdYk8kik84n7XOw=="
    },
    "@babel/parser": {
      "version": "7.13.10",
      "resolved": "https://registry.npmjs.org/@babel/parser/-/parser-7.13.10.tgz",
      "integrity": "sha512-0s7Mlrw9uTWkYua7xWr99Wpk2bnGa0ANleKfksYAES8LpWH4gW1OUr42vqKNf0us5UQNfru2wPqMqRITzq/SIQ=="
    },
    "@babel/types": {
      "version": "7.13.0",
      "resolved": "https://registry.npmjs.org/@babel/types/-/types-7.13.0.tgz",
      "integrity": "sha512-hE+HE8rnG1Z6Wzo+MhaKE5lM5eMx71T4EHJgku2E3xIfaULhDcxiiRxUYgwX8qwP1BBSlag+TdGOt6JAidIZTA==",
      "requires": {
        "@babel/helper-validator-identifier": "^7.12.11",
        "lodash": "^4.17.19",
        "to-fast-properties": "^2.0.0"
      }
    },
    "@intlify/core-base": {
      "version": "9.0.0",
      "resolved": "https://registry.npmjs.org/@intlify/core-base/-/core-base-9.0.0.tgz",
      "integrity": "sha512-dxqakT94EV2bFshG3LENQUPWX9yJFCga1BOwJ6mz7J8LnAYVB9Kxw7NRyE2ybN31USW2IUTQH6WWR1yDbCiefQ==",
      "requires": {
        "@intlify/message-compiler": "9.0.0",
        "@intlify/message-resolver": "9.0.0",
        "@intlify/runtime": "9.0.0",
        "@intlify/shared": "9.0.0"
      }
    },
    "@intlify/message-compiler": {
      "version": "9.0.0",
      "resolved": "https://registry.npmjs.org/@intlify/message-compiler/-/message-compiler-9.0.0.tgz",
      "integrity": "sha512-3oiLj+8z6koRYJwknazjilBsrqnJEAJywr/t39MYVy2yPmwOI1+NDfdDwM9U3ioA2RvsQEUICqW8gmjq1YIElw==",
      "requires": {
        "@intlify/message-resolver": "9.0.0",
        "@intlify/shared": "9.0.0",
        "source-map": "0.6.1"
      }
    },
    "@intlify/message-resolver": {
      "version": "9.0.0",
      "resolved": "https://registry.npmjs.org/@intlify/message-resolver/-/message-resolver-9.0.0.tgz",
      "integrity": "sha512-LVK4cwu1l33yvBy0UQkEdXm6pZUcbbiparobruJXz+U8jRTmYHBprN59j59YKXEKcV43cHfzNveaQIm84bgxvQ=="
    },
    "@intlify/runtime": {
      "version": "9.0.0",
      "resolved": "https://registry.npmjs.org/@intlify/runtime/-/runtime-9.0.0.tgz",
      "integrity": "sha512-UqCKduZezb5/qA+XPRfHVvXoLmhnQ8iKMyCh0Lg3ZwjW2vOMep/AgZU3T9cgESe67r4buPYHs7nOBSHbTdjNxg==",
      "requires": {
        "@intlify/message-compiler": "9.0.0",
        "@intlify/message-resolver": "9.0.0",
        "@intlify/shared": "9.0.0"
      }
    },
    "@intlify/shared": {
      "version": "9.0.0",
      "resolved": "https://registry.npmjs.org/@intlify/shared/-/shared-9.0.0.tgz",
      "integrity": "sha512-0r4v7dnY8g/Jfx2swUWy2GyfH/WvIpWvkU4OIupvxDTWiE8RhcpbOCVvqpVh/xGi0proHQ/r2Dhc0QSItUsfDQ=="
    },
    "@vue/compiler-core": {
      "version": "3.0.7",
      "resolved": "https://registry.npmjs.org/@vue/compiler-core/-/compiler-core-3.0.7.tgz",
      "integrity": "sha512-JFohgBXoyUc3mdeI2WxlhjQZ5fakfemJkZHX8Gu/nFbEg3+lKVUZmNKWmmnp9aOzJQZKoj77LjmFxiP+P+7lMQ==",
      "requires": {
        "@babel/parser": "^7.12.0",
        "@babel/types": "^7.12.0",
        "@vue/shared": "3.0.7",
        "estree-walker": "^2.0.1",
        "source-map": "^0.6.1"
      }
    },
    "@vue/compiler-dom": {
      "version": "3.0.7",
      "resolved": "https://registry.npmjs.org/@vue/compiler-dom/-/compiler-dom-3.0.7.tgz",
      "integrity": "sha512-VnIH9EbWQm/Tkcp+8dCaNVsVvhm/vxCrIKWRkXY9215hTqOqQOvejT8IMjd2kc++nIsYMsdQk6H9qqBvoLe/Cw==",
      "requires": {
        "@vue/compiler-core": "3.0.7",
        "@vue/shared": "3.0.7"
      }
    },
    "@vue/compiler-ssr": {
      "version": "3.0.7",
      "resolved": "https://registry.npmjs.org/@vue/compiler-ssr/-/compiler-ssr-3.0.7.tgz",
      "integrity": "sha512-nHRbHeSpfXwjypettjrA16TjgfDcPEwq3m/zHnGyLC1QqdLtklXmpSM43/CPwwTCRa/qdt0pldJf22MiCEuTSQ==",
      "requires": {
        "@vue/compiler-dom": "3.0.7",
        "@vue/shared": "3.0.7"
      }
    },
    "@vue/devtools-api": {
      "version": "6.0.0-beta.7",
      "resolved": "https://registry.npmjs.org/@vue/devtools-api/-/devtools-api-6.0.0-beta.7.tgz",
      "integrity": "sha512-mIfqX8ZF6s2ulelIzfxGk9sFoigpoeK/2/DlWrtBGWfvwaK3kR1P2bxNkZ0LbJeuKHfcRP6hGZtGist7nxUN9A=="
    },
    "@vue/reactivity": {
      "version": "3.0.7",
      "resolved": "https://registry.npmjs.org/@vue/reactivity/-/reactivity-3.0.7.tgz",
      "integrity": "sha512-FotWcNNaKhqpFZrdgsUOZ1enlJ5lhTt01CNTtLSyK7jYFgZBTuw8vKsEutZKDYZ1XKotOfoeO8N3pZQqmM6Etw==",
      "requires": {
        "@vue/shared": "3.0.7"
      }
    },
    "@vue/runtime-core": {
      "version": "3.0.7",
      "resolved": "https://registry.npmjs.org/@vue/runtime-core/-/runtime-core-3.0.7.tgz",
      "integrity": "sha512-DBAZAwVvdmMXuyd6/9qqj/kYr/GaLTmn1L2/QLxLwP+UfhIboiTSBc/tUUb8MRk7Bb98GzNeAWkkT6AfooS3dQ==",
      "requires": {
        "@vue/reactivity": "3.0.7",
        "@vue/shared": "3.0.7"
      }
    },
    "@vue/runtime-dom": {
      "version": "3.0.7",
      "resolved": "https://registry.npmjs.org/@vue/runtime-dom/-/runtime-dom-3.0.7.tgz",
      "integrity": "sha512-Oij4ruOtnpQpCj+/Q3JPzgpTJ1Q7+N67pA53A8KVITEtxfvKL46NN6dhAZ5NGqwX6RWZpYqWQNewITeF0pHr8g==",
      "requires": {
        "@vue/runtime-core": "3.0.7",
        "@vue/shared": "3.0.7",
        "csstype": "^2.6.8"
      }
    },
    "@vue/server-renderer": {
      "version": "3.0.7",
      "resolved": "https://registry.npmjs.org/@vue/server-renderer/-/server-renderer-3.0.7.tgz",
      "integrity": "sha512-3idEbDTQ0GSPgGTiM9Ml4IwPOityotTRUyrDttAyFoSz6DI1RvE1QR0nSQR7TMgMDXwbO22gf+nMYVkj7c9VRg==",
      "requires": {
        "@vue/compiler-ssr": "3.0.7",
        "@vue/shared": "3.0.7"
      }
    },
    "@vue/shared": {
      "version": "3.0.7",
      "resolved": "https://registry.npmjs.org/@vue/shared/-/shared-3.0.7.tgz",
      "integrity": "sha512-dn5FyfSc4ky424jH4FntiHno7Ss5yLkqKNmM/NXwANRnlkmqu74pnGetexDFVG5phMk9/FhwovUZCWGxsotVKg=="
    },
    "@vueuse/core": {
      "version": "4.4.1",
      "resolved": "https://registry.npmjs.org/@vueuse/core/-/core-4.4.1.tgz",
      "integrity": "sha512-L9TWFwI+pEqgEmfv+uWz2kQ9bXejtpaQdoS67UUyii22rSesjP1aTTU7z7XX5i7aIgsHKnKYv68cDCtEZbjsPA==",
      "requires": {
        "@vueuse/shared": "4.4.1",
        "vue-demi": "^0.7.3"
      }
    },
    "@vueuse/head": {
      "version": "0.5.1",
      "resolved": "https://registry.npmjs.org/@vueuse/head/-/head-0.5.1.tgz",
      "integrity": "sha512-xt6qgtItb4z/7vp664opQc0c2+ZoU9itMfvpmg4+h0uJcEnhl7LYxO4V+G8H7EVki7SyXDIFMfoCiCFaJrArmg=="
    },
    "@vueuse/shared": {
      "version": "4.4.1",
      "resolved": "https://registry.npmjs.org/@vueuse/shared/-/shared-4.4.1.tgz",
      "integrity": "sha512-pY7bXgYaA9g25XNREE3zeuIWfOwbyiKeQ0IppE4nIRuro4gVGuLoV/BIU6D0VOTv7hYefv5eqE+WS03v61y8xA==",
      "requires": {
        "vue-demi": "^0.7.3"
      }
    },
    "csstype": {
      "version": "2.6.16",
      "resolved": "https://registry.npmjs.org/csstype/-/csstype-2.6.16.tgz",
      "integrity": "sha512-61FBWoDHp/gRtsoDkq/B1nWrCUG/ok1E3tUrcNbZjsE9Cxd9yzUirjS3+nAATB8U4cTtaQmAHbNndoFz5L6C9Q=="
    },
    "estree-walker": {
      "version": "2.0.2",
      "resolved": "https://registry.npmjs.org/estree-walker/-/estree-walker-2.0.2.tgz",
      "integrity": "sha512-Rfkk/Mp/DL7JVje3u18FxFujQlTNR2q6QfMSMB7AvCBx91NGj/ba3kCfza0f6dVDbw7YlRf/nDrn7pQrCCyQ/w=="
    },
    "lodash": {
      "version": "4.17.21",
      "resolved": "https://registry.npmjs.org/lodash/-/lodash-4.17.21.tgz",
      "integrity": "sha512-v2kDEe57lecTulaDIuNTPy3Ry4gLGJ6Z1O3vE1krgXZNrsQ+LFTGHVxVjcXPs17LhbZVGedAJv8XZ1tvj5FvSg=="
    },
    "node-fetch": {
      "version": "2.6.1",
      "resolved": "https://registry.npmjs.org/node-fetch/-/node-fetch-2.6.1.tgz",
      "integrity": "sha512-V4aYg89jEoVRxRb2fJdAg8FHvI7cEyYdVAh94HH0UIK8oJxUfkjlDQN9RbMx+bEjP7+ggMiFRprSti032Oipxw=="
    },
    "nprogress": {
      "version": "0.2.0",
      "resolved": "https://registry.npmjs.org/nprogress/-/nprogress-0.2.0.tgz",
      "integrity": "sha1-y480xTIT2JVyP8urkH6UIq28r7E="
    },
    "source-map": {
      "version": "0.6.1",
      "resolved": "https://registry.npmjs.org/source-map/-/source-map-0.6.1.tgz",
      "integrity": "sha512-UjgapumWlbMhkBgzT7Ykc5YXUT46F0iKu8SGXq0bcwP5dz/h0Plj6enJqjz1Zbq2l5WaqYnrVbwWOWMyF3F47g=="
    },
    "to-fast-properties": {
      "version": "2.0.0",
      "resolved": "https://registry.npmjs.org/to-fast-properties/-/to-fast-properties-2.0.0.tgz",
      "integrity": "sha1-3F5pjL0HkmW8c+A3doGk5Og/YW4="
    },
    "vue": {
      "version": "3.0.7",
      "resolved": "https://registry.npmjs.org/vue/-/vue-3.0.7.tgz",
      "integrity": "sha512-8h4TikD+JabbMK9aRlBO4laG0AtNHRPHynxYgWZ9sq1YUPfzynd9Jeeb27XNyZytC7aCQRX9xe1+TQJuc181Tw==",
      "requires": {
        "@vue/compiler-dom": "3.0.7",
        "@vue/runtime-dom": "3.0.7",
        "@vue/shared": "3.0.7"
      }
    },
    "vue-demi": {
      "version": "0.7.3",
      "resolved": "https://registry.npmjs.org/vue-demi/-/vue-demi-0.7.3.tgz",
      "integrity": "sha512-vrzM26H4CZCXBf/eu4T8nks6o7qgziYM52myk8bg+atw4qYqpeWJf5c82W8VdmgGfSIdh9ulOOe9+GeLc3Z/8A=="
    },
    "vue-i18n": {
      "version": "9.0.0",
      "resolved": "https://registry.npmjs.org/vue-i18n/-/vue-i18n-9.0.0.tgz",
      "integrity": "sha512-iks0eJDv/4cK/7tl/ooMUroNVVIGOK4kKS1PIHmPQk7QjT/sDfFM84vjPKgpARbw0GjJsOiADL43jufNfs9e9A==",
      "requires": {
        "@intlify/core-base": "9.0.0",
        "@intlify/shared": "9.0.0",
        "@vue/devtools-api": "^6.0.0-beta.5"
      }
    },
    "vue-router": {
      "version": "4.0.5",
      "resolved": "https://registry.npmjs.org/vue-router/-/vue-router-4.0.5.tgz",
      "integrity": "sha512-AQq+pllb6FCc7rS6vh4PPcce3XA1jgK3hKNkQ4hXHwoVN7jOeAOMKCnX7XAX3etV9rmN7iNW8iIwgPk95ckBjw=="
    }
  }
}
